
Microsoft Visual Studio Solution File, Format Version 12.00
# Visual Studio 15
VisualStudioVersion = 15.0.27703.2018
MinimumVisualStudioVersion = 10.0.40219.1
Project("{FAE04EC0-301F-11D3-BF4B-00C04F79EFBC}") = "Tutorial", "Tutorial\Tutorial.csproj", "{91593B9D-0BD9-48D2-8EC7-4F370C7B37C7}"
EndProject
Project("{FAE04EC0-301F-11D3-BF4B-00C04F79EFBC}") = "wrk001.Variables", "wrk001.Variables\wrk001.Variables.csproj", "{D44848AF-6704-4EC0-9DBC-932CDBD9A95D}"
EndProject
Project("{FAE04EC0-301F-11D3-BF4B-00C04F79EFBC}") = "wrk002.Operators", "wrk002.Operators\wrk002.Operators.csproj", "{93AF4252-10A6-4E24-A830-9DAFDB1279E4}"
EndProject
Project("{FAE04EC0-301F-11D3-BF4B-00C04F79EFBC}") = "wrk003.Conditional", "wrk003.Conditional\wrk003.Conditional.csproj", "{DE234823-BE17-4196-8E4E-21C2462333A1}"
EndProject
Project("{FAE04EC0-301F-11D3-BF4B-00C04F79EFBC}") = "wrk004.Loops", "wrk004.Loops\wrk004.Loops.csproj", "{7D7A8897-3E4E-4ECA-B496-A6F8942ACA37}"
EndProject
Project("{FAE04EC0-301F-11D3-BF4B-00C04F79EFBC}") = "wrk005.Arrays", "wrk005.Arrays\wrk005.Arrays.csproj", "{FB278954-61DE-42E1-AF7F-033C08A1F43A}"
EndProject
Project("{FAE04EC0-301F-11D3-BF4B-00C04F79EFBC}") = "wrk006.Methods", "wrk006.Methods\wrk006.Methods.csproj", "{D83F0651-54B7-4DE0-8650-F8B5FF028B0F}"
EndProject
Project("{FAE04EC0-301F-11D3-BF4B-00C04F79EFBC}") = "wrk008.Sorting", "wrk008.Sorting\wrk008.Sorting.csproj", "{637EDC99-AFE7-4663-A4FF-A023BC8A61F9}"
EndProject
Global
	GlobalSection(SolutionConfigurationPlatforms) = preSolution
		Debug|Any CPU = Debug|Any CPU
		Release|Any CPU = Release|Any CPU
	EndGlobalSection
	GlobalSection(ProjectConfigurationPlatforms) = postSolution
		{91593B9D-0BD9-48D2-8EC7-4F370C7B37C7}.Debug|Any CPU.ActiveCfg = Debug|Any CPU
		{91593B9D-0BD9-48D2-8EC7-4F370C7B37C7}.Debug|Any CPU.Build.0 = Debug|Any CPU
		{91593B9D-0BD9-48D2-8EC7-4F370C7B37C7}.Release|Any CPU.ActiveCfg = Release|Any CPU
		{91593B9D-0BD9-48D2-8EC7-4F370C7B37C7}.Release|Any CPU.Build.0 = Release|Any CPU
		{D44848AF-6704-4EC0-9DBC-932CDBD9A95D}.Debug|Any CPU.ActiveCfg = Debug|Any CPU
		{D44848AF-6704-4EC0-9DBC-932CDBD9A95D}.Debug|Any CPU.Build.0 = Debug|Any CPU
		{D44848AF-6704-4EC0-9DBC-932CDBD9A95D}.Release|Any CPU.ActiveCfg = Release|Any CPU
		{D44848AF-6704-4EC0-9DBC-932CDBD9A95D}.Release|Any CPU.Build.0 = Release|Any CPU
		{93AF4252-10A6-4E24-A830-9DAFDB1279E4}.Debug|Any CPU.ActiveCfg = Debug|Any CPU
		{93AF4252-10A6-4E24-A830-9DAFDB1279E4}.Debug|Any CPU.Build.0 = Debug|Any CPU
		{93AF4252-10A6-4E24-A830-9DAFDB1279E4}.Release|Any CPU.ActiveCfg = Release|Any CPU
		{93AF4252-10A6-4E24-A830-9DAFDB1279E4}.Release|Any CPU.Build.0 = Release|Any CPU
		{DE234823-BE17-4196-8E4E-21C2462333A1}.Debug|Any CPU.ActiveCfg = Debug|Any CPU
		{DE234823-BE17-4196-8E4E-21C2462333A1}.Debug|Any CPU.Build.0 = Debug|Any CPU
		{DE234823-BE17-4196-8E4E-21C2462333A1}.Release|Any CPU.ActiveCfg = Release|Any CPU
		{DE234823-BE17-4196-8E4E-21C2462333A1}.Release|Any CPU.Build.0 = Release|Any CPU
		{7D7A8897-3E4E-4ECA-B496-A6F8942ACA37}.Debug|Any CPU.ActiveCfg = Debug|Any CPU
		{7D7A8897-3E4E-4ECA-B496-A6F8942ACA37}.Debug|Any CPU.Build.0 = Debug|Any CPU
		{7D7A8897-3E4E-4ECA-B496-A6F8942ACA37}.Release|Any CPU.ActiveCfg = Release|Any CPU
		{7D7A8897-3E4E-4ECA-B496-A6F8942ACA37}.Release|Any CPU.Build.0 = Release|Any CPU
		{FB278954-61DE-42E1-AF7F-033C08A1F43A}.Debug|Any CPU.ActiveCfg = Debug|Any CPU
		{FB278954-61DE-42E1-AF7F-033C08A1F43A}.Debug|Any CPU.Build.0 = Debug|Any CPU
		{FB278954-61DE-42E1-AF7F-033C08A1F43A}.Release|Any CPU.ActiveCfg = Release|Any CPU
		{FB278954-61DE-42E1-AF7F-033C08A1F43A}.Release|Any CPU.Build.0 = Release|Any CPU
		{D83F0651-54B7-4DE0-8650-F8B5FF028B0F}.Debug|Any CPU.ActiveCfg = Debug|Any CPU
		{D83F0651-54B7-4DE0-8650-F8B5FF028B0F}.Debug|Any CPU.Build.0 = Debug|Any CPU
		{D83F0651-54B7-4DE0-8650-F8B5FF028B0F}.Release|Any CPU.ActiveCfg = Release|Any CPU
		{D83F0651-54B7-4DE0-8650-F8B5FF028B0F}.Release|Any CPU.Build.0 = Release|Any CPU
		{637EDC99-AFE7-4663-A4FF-A023BC8A61F9}.Debug|Any CPU.ActiveCfg = Debug|Any CPU
		{637EDC99-AFE7-4663-A4FF-A023BC8A61F9}.Debug|Any CPU.Build.0 = Debug|Any CPU
		{637EDC99-AFE7-4663-A4FF-A023BC8A61F9}.Release|Any CPU.ActiveCfg = Release|Any CPU
		{637EDC99-AFE7-4663-A4FF-A023BC8A61F9}.Release|Any CPU.Build.0 = Release|Any CPU
	EndGlobalSection
	GlobalSection(SolutionProperties) = preSolution
		HideSolutionNode = FALSE
	EndGlobalSection
	GlobalSection(ExtensibilityGlobals) = postSolution
		SolutionGuid = {477BBEF1-9785-42F5-9EB9-AB14ED8C51F0}
	EndGlobalSection
EndGlobal
