
Microsoft Visual Studio Solution File, Format Version 12.00
# Visual Studio 15
VisualStudioVersion = 15.0.27703.2018
MinimumVisualStudioVersion = 10.0.40219.1
Project("{FAE04EC0-301F-11D3-BF4B-00C04F79EFBC}") = "Tutorial", "Tutorial\Tutorial.csproj", "{91593B9D-0BD9-48D2-8EC7-4F370C7B37C7}"
EndProject
Project("{FAE04EC0-301F-11D3-BF4B-00C04F79EFBC}") = "wrk3_Conditional", "wrk3_Conditional\wrk3_Conditional.csproj", "{88DE9083-DE91-45B3-B392-674CE2BACFB6}"
EndProject
Project("{FAE04EC0-301F-11D3-BF4B-00C04F79EFBC}") = "wrk4_Loops", "wrk4_Loops\wrk4_Loops.csproj", "{14B82CC0-0523-42CF-AACF-B31D2D363E18}"
EndProject
Project("{FAE04EC0-301F-11D3-BF4B-00C04F79EFBC}") = "wrk5_Arrays", "wrk5_Arrays\wrk5_Arrays.csproj", "{94DB4976-7FE0-4F31-B3FB-CBFBB6D40869}"
EndProject
Project("{FAE04EC0-301F-11D3-BF4B-00C04F79EFBC}") = "wrk6_ArrsNumsLoops", "wrk6_ArrsNumsLoops\wrk6_ArrsNumsLoops.csproj", "{409F6C0F-398F-4A02-B300-A8FBE86F8A76}"
EndProject
Project("{FAE04EC0-301F-11D3-BF4B-00C04F79EFBC}") = "wrk1_Variables", "wrk1_Variables\wrk1_Variables.csproj", "{E8A352D8-A8C2-4BD7-830A-EC9C3DFFF526}"
EndProject
Project("{FAE04EC0-301F-11D3-BF4B-00C04F79EFBC}") = "wrk2_Operators", "wrk2_Operators\wrk2_Operators.csproj", "{8283A6C5-7B77-4A61-87B8-8A9361266279}"
EndProject
Global
	GlobalSection(SolutionConfigurationPlatforms) = preSolution
		Debug|Any CPU = Debug|Any CPU
		Release|Any CPU = Release|Any CPU
	EndGlobalSection
	GlobalSection(ProjectConfigurationPlatforms) = postSolution
		{91593B9D-0BD9-48D2-8EC7-4F370C7B37C7}.Debug|Any CPU.ActiveCfg = Debug|Any CPU
		{91593B9D-0BD9-48D2-8EC7-4F370C7B37C7}.Debug|Any CPU.Build.0 = Debug|Any CPU
		{91593B9D-0BD9-48D2-8EC7-4F370C7B37C7}.Release|Any CPU.ActiveCfg = Release|Any CPU
		{91593B9D-0BD9-48D2-8EC7-4F370C7B37C7}.Release|Any CPU.Build.0 = Release|Any CPU
		{88DE9083-DE91-45B3-B392-674CE2BACFB6}.Debug|Any CPU.ActiveCfg = Debug|Any CPU
		{88DE9083-DE91-45B3-B392-674CE2BACFB6}.Debug|Any CPU.Build.0 = Debug|Any CPU
		{88DE9083-DE91-45B3-B392-674CE2BACFB6}.Release|Any CPU.ActiveCfg = Release|Any CPU
		{88DE9083-DE91-45B3-B392-674CE2BACFB6}.Release|Any CPU.Build.0 = Release|Any CPU
		{14B82CC0-0523-42CF-AACF-B31D2D363E18}.Debug|Any CPU.ActiveCfg = Debug|Any CPU
		{14B82CC0-0523-42CF-AACF-B31D2D363E18}.Debug|Any CPU.Build.0 = Debug|Any CPU
		{14B82CC0-0523-42CF-AACF-B31D2D363E18}.Release|Any CPU.ActiveCfg = Release|Any CPU
		{14B82CC0-0523-42CF-AACF-B31D2D363E18}.Release|Any CPU.Build.0 = Release|Any CPU
		{94DB4976-7FE0-4F31-B3FB-CBFBB6D40869}.Debug|Any CPU.ActiveCfg = Debug|Any CPU
		{94DB4976-7FE0-4F31-B3FB-CBFBB6D40869}.Debug|Any CPU.Build.0 = Debug|Any CPU
		{94DB4976-7FE0-4F31-B3FB-CBFBB6D40869}.Release|Any CPU.ActiveCfg = Release|Any CPU
		{94DB4976-7FE0-4F31-B3FB-CBFBB6D40869}.Release|Any CPU.Build.0 = Release|Any CPU
		{409F6C0F-398F-4A02-B300-A8FBE86F8A76}.Debug|Any CPU.ActiveCfg = Debug|Any CPU
		{409F6C0F-398F-4A02-B300-A8FBE86F8A76}.Debug|Any CPU.Build.0 = Debug|Any CPU
		{409F6C0F-398F-4A02-B300-A8FBE86F8A76}.Release|Any CPU.ActiveCfg = Release|Any CPU
		{409F6C0F-398F-4A02-B300-A8FBE86F8A76}.Release|Any CPU.Build.0 = Release|Any CPU
		{E8A352D8-A8C2-4BD7-830A-EC9C3DFFF526}.Debug|Any CPU.ActiveCfg = Debug|Any CPU
		{E8A352D8-A8C2-4BD7-830A-EC9C3DFFF526}.Debug|Any CPU.Build.0 = Debug|Any CPU
		{E8A352D8-A8C2-4BD7-830A-EC9C3DFFF526}.Release|Any CPU.ActiveCfg = Release|Any CPU
		{E8A352D8-A8C2-4BD7-830A-EC9C3DFFF526}.Release|Any CPU.Build.0 = Release|Any CPU
		{8283A6C5-7B77-4A61-87B8-8A9361266279}.Debug|Any CPU.ActiveCfg = Debug|Any CPU
		{8283A6C5-7B77-4A61-87B8-8A9361266279}.Debug|Any CPU.Build.0 = Debug|Any CPU
		{8283A6C5-7B77-4A61-87B8-8A9361266279}.Release|Any CPU.ActiveCfg = Release|Any CPU
		{8283A6C5-7B77-4A61-87B8-8A9361266279}.Release|Any CPU.Build.0 = Release|Any CPU
	EndGlobalSection
	GlobalSection(SolutionProperties) = preSolution
		HideSolutionNode = FALSE
	EndGlobalSection
	GlobalSection(ExtensibilityGlobals) = postSolution
		SolutionGuid = {477BBEF1-9785-42F5-9EB9-AB14ED8C51F0}
	EndGlobalSection
EndGlobal
